version = 1
revision = 3
requires-python = ">=3.14"

[[package]]
name = "python-mpv"
version = "1.0.8"
source = { registry = "https://pypi.org/simple" }
sdist = { url = "https://files.pythonhosted.org/packages/77/bc/6aa34c8805ff62e2fefc7d171563c60598aac215d5241186031a2c839935/python_mpv-1.0.8.tar.gz", hash = "sha256:017fa359da059c831a94c419083491903e6d2f7c81b9841c33c196cabf4b3fe3", size = 52680, upload-time = "2025-04-25T09:51:40.048Z" }
wheels = [
    { url = "https://files.pythonhosted.org/packages/22/f3/4c632eaacebfc62ab9414586137aecf6c0ea2a1e99708cf5a4c0dec13ae0/python_mpv-1.0.8-py3-none-any.whl", hash = "sha256:b5296403e990fb7348df4ca2211937a030f524bf638657bda7e45a00bc2df0cd", size = 46169, upload-time = "2025-04-25T09:51:37.775Z" },
]

[[package]]
name = "simul-pb"
version = "1.0.1"
source = { virtual = "." }
dependencies = [
    { name = "python-mpv" },
    { name = "tkinterdnd2" },
]

[package.metadata]
requires-dist = [
    { name = "python-mpv", specifier = ">=1.0.8" },
    { name = "tkinterdnd2", specifier = ">=0.4.3" },
]

[[package]]
name = "tkinterdnd2"
version = "0.4.3"
source = { registry = "https://pypi.org/simple" }
sdist = { url = "https://files.pythonhosted.org/packages/6e/2a/9d50ee58c7a60bf0c8d4bd8030b4afc29c8bf60158f95dbc89e8081d29d2/tkinterdnd2-0.4.3.tar.gz", hash = "sha256:03a932a11b42ab139c4552b414aa10ee8a087b8386b52baca8c62939760c2ef2", size = 444595, upload-time = "2025-02-28T12:55:50.861Z" }
wheels = [
    { url = "https://files.pythonhosted.org/packages/08/c3/e04f004a53c00dc01126b6f998264cef672c6883c36aa4bd65845a8eb4c0/tkinterdnd2-0.4.3-py3-none-any.whl", hash = "sha256:8804f5d2e2a99713ec93e85384397fec6bf66fdf2065e3750938d55018971c4a", size = 493006, upload-time = "2025-02-28T12:55:47.501Z" },
]
